
Microsoft Visual Studio Solution File, Format Version 12.00
# Visual Studio Version 17
VisualStudioVersion = 17.1.32210.238
MinimumVisualStudioVersion = 10.0.40219.1
Project("{9A19103F-16F7-4668-BE54-9A1E7A4F7556}") = "ClassNoiseMonitor", "ClassNoiseMonitor\ClassNoiseMonitor.csproj", "{FD701A90-4CD3-4D77-ACD7-4804625BB37A}"
EndProject
Project("{FAE04EC0-301F-11D3-BF4B-00C04F79EFBC}") = "CircularGauge", "..\CircularGauge\CircularGauge.csproj", "{6EFD5895-177B-4BBB-AF52-29F4D53B3FBD}"
EndProject
Global
	GlobalSection(SolutionConfigurationPlatforms) = preSolution
		Debug|Any CPU = Debug|Any CPU
		Release|Any CPU = Release|Any CPU
	EndGlobalSection
	GlobalSection(ProjectConfigurationPlatforms) = postSolution
		{FD701A90-4CD3-4D77-ACD7-4804625BB37A}.Debug|Any CPU.ActiveCfg = Debug|Any CPU
		{FD701A90-4CD3-4D77-ACD7-4804625BB37A}.Debug|Any CPU.Build.0 = Debug|Any CPU
		{FD701A90-4CD3-4D77-ACD7-4804625BB37A}.Release|Any CPU.ActiveCfg = Release|Any CPU
		{FD701A90-4CD3-4D77-ACD7-4804625BB37A}.Release|Any CPU.Build.0 = Release|Any CPU
		{6EFD5895-177B-4BBB-AF52-29F4D53B3FBD}.Debug|Any CPU.ActiveCfg = Debug|Any CPU
		{6EFD5895-177B-4BBB-AF52-29F4D53B3FBD}.Debug|Any CPU.Build.0 = Debug|Any CPU
		{6EFD5895-177B-4BBB-AF52-29F4D53B3FBD}.Release|Any CPU.ActiveCfg = Release|Any CPU
		{6EFD5895-177B-4BBB-AF52-29F4D53B3FBD}.Release|Any CPU.Build.0 = Release|Any CPU
	EndGlobalSection
	GlobalSection(SolutionProperties) = preSolution
		HideSolutionNode = FALSE
	EndGlobalSection
	GlobalSection(ExtensibilityGlobals) = postSolution
		SolutionGuid = {CC7D2110-EDAA-47F7-B6EC-8BF458A9F104}
	EndGlobalSection
EndGlobal
